<?xml version="1.0" encoding="utf-8"?>
<Project ToolsVersion="17.0" xmlns="http://schemas.microsoft.com/developer/msbuild/2003">
  <ItemGroup>
    <ClCompile Include="C:\Users\doola\OneDrive\Documents\Github\Base\BasisServer\EnetGeneration\Source\Native\enet.c">
      <Filter>Source Files</Filter>
    </ClCompile>
  </ItemGroup>
  <ItemGroup>
    <CustomBuild Include="C:\Users\doola\OneDrive\Documents\Github\Base\BasisServer\EnetGeneration\Source\Native\CMakeLists.txt" />
  </ItemGroup>
  <ItemGroup>
    <Filter Include="Source Files">
      <UniqueIdentifier>{B8016FED-7409-3C65-9EF2-47AEE37370D9}</UniqueIdentifier>
    </Filter>
  </ItemGroup>
</Project>
